
Microsoft Visual Studio Solution File, Format Version 12.00
# Visual Studio Version 17
VisualStudioVersion = 17.9.34723.18
MinimumVisualStudioVersion = 10.0.40219.1
Project("{9A19103F-16F7-4668-BE54-9A1E7A4F7556}") = "alogentpractices", "alogentpractices\alogentpractices.csproj", "{3ACD6932-AF38-5662-4B19-8F3E542DBC88}"
EndProject
Project("{9A19103F-16F7-4668-BE54-9A1E7A4F7556}") = "ServiceLayer", "CommonServices\ServiceLayer.csproj", "{A7893EB6-A525-4ED9-AC39-02D17FACBFF3}"
EndProject
Project("{9A19103F-16F7-4668-BE54-9A1E7A4F7556}") = "DataAccessLayer", "DataAccessLayer\DataAccessLayer.csproj", "{064A19C5-F7EE-4A62-BCC8-AA1E96BAC5C9}"
EndProject
Global
	GlobalSection(SolutionConfigurationPlatforms) = preSolution
		Debug|Any CPU = Debug|Any CPU
		Release|Any CPU = Release|Any CPU
	EndGlobalSection
	GlobalSection(ProjectConfigurationPlatforms) = postSolution
		{3ACD6932-AF38-5662-4B19-8F3E542DBC88}.Debug|Any CPU.ActiveCfg = Debug|Any CPU
		{3ACD6932-AF38-5662-4B19-8F3E542DBC88}.Debug|Any CPU.Build.0 = Debug|Any CPU
		{3ACD6932-AF38-5662-4B19-8F3E542DBC88}.Release|Any CPU.ActiveCfg = Release|Any CPU
		{3ACD6932-AF38-5662-4B19-8F3E542DBC88}.Release|Any CPU.Build.0 = Release|Any CPU
		{A7893EB6-A525-4ED9-AC39-02D17FACBFF3}.Debug|Any CPU.ActiveCfg = Debug|Any CPU
		{A7893EB6-A525-4ED9-AC39-02D17FACBFF3}.Debug|Any CPU.Build.0 = Debug|Any CPU
		{A7893EB6-A525-4ED9-AC39-02D17FACBFF3}.Release|Any CPU.ActiveCfg = Release|Any CPU
		{A7893EB6-A525-4ED9-AC39-02D17FACBFF3}.Release|Any CPU.Build.0 = Release|Any CPU
		{064A19C5-F7EE-4A62-BCC8-AA1E96BAC5C9}.Debug|Any CPU.ActiveCfg = Debug|Any CPU
		{064A19C5-F7EE-4A62-BCC8-AA1E96BAC5C9}.Debug|Any CPU.Build.0 = Debug|Any CPU
		{064A19C5-F7EE-4A62-BCC8-AA1E96BAC5C9}.Release|Any CPU.ActiveCfg = Release|Any CPU
		{064A19C5-F7EE-4A62-BCC8-AA1E96BAC5C9}.Release|Any CPU.Build.0 = Release|Any CPU
	EndGlobalSection
	GlobalSection(SolutionProperties) = preSolution
		HideSolutionNode = FALSE
	EndGlobalSection
	GlobalSection(ExtensibilityGlobals) = postSolution
		SolutionGuid = {95DB55F5-B428-40E8-9173-EB51FABA5101}
	EndGlobalSection
EndGlobal
